
Microsoft Visual Studio Solution File, Format Version 12.00
# Visual Studio Version 17
VisualStudioVersion = 17.11.35312.102
MinimumVisualStudioVersion = 10.0.40219.1
Project("{FAE04EC0-301F-11D3-BF4B-00C04F79EFBC}") = "TidyDataFrame", "TidyDataFrame\TidyDataFrame.csproj", "{90EA297C-9A37-42C8-BFFD-BC405A7B9823}"
EndProject
Project("{2150E333-8FDC-42A3-9474-1A3956D46DE8}") = "Solution Items", "Solution Items", "{FED65026-E74C-4817-B955-C057A443854D}"
	ProjectSection(SolutionItems) = preProject
		LICENSE.txt = LICENSE.txt
		README.md = README.md
	EndProjectSection
EndProject
Project("{FAE04EC0-301F-11D3-BF4B-00C04F79EFBC}") = "TidyDataFrame.Extensions", "TidyDataFrame.Extensions\TidyDataFrame.Extensions.csproj", "{79F01C9A-C86A-4359-A566-A6CDD5F2E0B5}"
EndProject
Project("{FAE04EC0-301F-11D3-BF4B-00C04F79EFBC}") = "TidyDataFrameTests", "TidyDataFrameTests\TidyDataFrameTests.csproj", "{2F598CCD-09CC-46E5-91B9-CD8D980BE1EC}"
EndProject
Global
	GlobalSection(SolutionConfigurationPlatforms) = preSolution
		Debug|Any CPU = Debug|Any CPU
		Release|Any CPU = Release|Any CPU
	EndGlobalSection
	GlobalSection(ProjectConfigurationPlatforms) = postSolution
		{90EA297C-9A37-42C8-BFFD-BC405A7B9823}.Debug|Any CPU.ActiveCfg = Debug|Any CPU
		{90EA297C-9A37-42C8-BFFD-BC405A7B9823}.Debug|Any CPU.Build.0 = Debug|Any CPU
		{90EA297C-9A37-42C8-BFFD-BC405A7B9823}.Release|Any CPU.ActiveCfg = Release|Any CPU
		{90EA297C-9A37-42C8-BFFD-BC405A7B9823}.Release|Any CPU.Build.0 = Release|Any CPU
		{79F01C9A-C86A-4359-A566-A6CDD5F2E0B5}.Debug|Any CPU.ActiveCfg = Debug|Any CPU
		{79F01C9A-C86A-4359-A566-A6CDD5F2E0B5}.Debug|Any CPU.Build.0 = Debug|Any CPU
		{79F01C9A-C86A-4359-A566-A6CDD5F2E0B5}.Release|Any CPU.ActiveCfg = Release|Any CPU
		{79F01C9A-C86A-4359-A566-A6CDD5F2E0B5}.Release|Any CPU.Build.0 = Release|Any CPU
		{2F598CCD-09CC-46E5-91B9-CD8D980BE1EC}.Debug|Any CPU.ActiveCfg = Debug|Any CPU
		{2F598CCD-09CC-46E5-91B9-CD8D980BE1EC}.Debug|Any CPU.Build.0 = Debug|Any CPU
		{2F598CCD-09CC-46E5-91B9-CD8D980BE1EC}.Release|Any CPU.ActiveCfg = Release|Any CPU
		{2F598CCD-09CC-46E5-91B9-CD8D980BE1EC}.Release|Any CPU.Build.0 = Release|Any CPU
	EndGlobalSection
	GlobalSection(SolutionProperties) = preSolution
		HideSolutionNode = FALSE
	EndGlobalSection
	GlobalSection(ExtensibilityGlobals) = postSolution
		SolutionGuid = {54E3AF18-35E4-4E32-9C92-5BBE041E3D07}
	EndGlobalSection
EndGlobal
